// !$*UTF8*$!
{
	archiveVersion = 1;
	classes = {
	};
	objectVersion = 50;
	objects = {

/* Begin PBXBuildFile section */
		BD38184B67A00D310A502CC7 /* Pods_WWL.framework in Frameworks */ = {isa = PBXBuildFile; fileRef = 94B060C270C5309ABDE70CD3 /* Pods_WWL.framework */; };
		FC76019320E29BBA007414B6 /* GoogleService-Info.plist in Resources */ = {isa = PBXBuildFile; fileRef = FC76019220E29BBA007414B6 /* GoogleService-Info.plist */; };
		FC8A06EC20E2AE45002E367A /* AuthViewController.swift in Sources */ = {isa = PBXBuildFile; fileRef = FC8A06EB20E2AE45002E367A /* AuthViewController.swift */; };
		FC8A06EE20E2B1C8002E367A /* LoginViewController.swift in Sources */ = {isa = PBXBuildFile; fileRef = FC8A06ED20E2B1C8002E367A /* LoginViewController.swift */; };
		FC8A06F020E2B1ED002E367A /* SignUpViewController.swift in Sources */ = {isa = PBXBuildFile; fileRef = FC8A06EF20E2B1ED002E367A /* SignUpViewController.swift */; };
		FC8A06F320E2C044002E367A /* Extensions.swift in Sources */ = {isa = PBXBuildFile; fileRef = FC8A06F220E2C044002E367A /* Extensions.swift */; };
		FCD5AA5F20E2951C00535845 /* AppDelegate.swift in Sources */ = {isa = PBXBuildFile; fileRef = FCD5AA5E20E2951C00535845 /* AppDelegate.swift */; };
		FCD5AA6120E2951C00535845 /* art.scnassets in Resources */ = {isa = PBXBuildFile; fileRef = FCD5AA6020E2951C00535845 /* art.scnassets */; };
		FCD5AA6320E2951C00535845 /* ViewController.swift in Sources */ = {isa = PBXBuildFile; fileRef = FCD5AA6220E2951C00535845 /* ViewController.swift */; };
		FCD5AA6620E2951C00535845 /* Main.storyboard in Resources */ = {isa = PBXBuildFile; fileRef = FCD5AA6420E2951C00535845 /* Main.storyboard */; };
		FCD5AA6820E2951D00535845 /* Assets.xcassets in Resources */ = {isa = PBXBuildFile; fileRef = FCD5AA6720E2951D00535845 /* Assets.xcassets */; };
		FCD5AA6B20E2951D00535845 /* LaunchScreen.storyboard in Resources */ = {isa = PBXBuildFile; fileRef = FCD5AA6920E2951D00535845 /* LaunchScreen.storyboard */; };
		FCDE6EEE20E93459004348F0 /* MainViewController.swift in Sources */ = {isa = PBXBuildFile; fileRef = FCDE6EED20E93459004348F0 /* MainViewController.swift */; };
		FCDE6EF020E93BA6004348F0 /* menuSound.mp3 in Resources */ = {isa = PBXBuildFile; fileRef = FCDE6EEF20E93BA6004348F0 /* menuSound.mp3 */; };
		FCDE6EF220E942A9004348F0 /* MyAudioPlayer.swift in Sources */ = {isa = PBXBuildFile; fileRef = FCDE6EF120E942A9004348F0 /* MyAudioPlayer.swift */; };
		FCF3CEB020E915F500817259 /* SettingsViewController.swift in Sources */ = {isa = PBXBuildFile; fileRef = FCF3CEAF20E915F500817259 /* SettingsViewController.swift */; };
/* End PBXBuildFile section */

/* Begin PBXFileReference section */
		383E4F969A89C8ED2DB7F7CA /* Pods-WWL.release.xcconfig */ = {isa = PBXFileReference; includeInIndex = 1; lastKnownFileType = text.xcconfig; name = "Pods-WWL.release.xcconfig"; path = "Pods/Target Support Files/Pods-WWL/Pods-WWL.release.xcconfig"; sourceTree = "<group>"; };
		94B060C270C5309ABDE70CD3 /* Pods_WWL.framework */ = {isa = PBXFileReference; explicitFileType = wrapper.framework; includeInIndex = 0; path = Pods_WWL.framework; sourceTree = BUILT_PRODUCTS_DIR; };
		F155BE624C2DC25B8AAFB74D /* Pods-WWL.debug.xcconfig */ = {isa = PBXFileReference; includeInIndex = 1; lastKnownFileType = text.xcconfig; name = "Pods-WWL.debug.xcconfig"; path = "Pods/Target Support Files/Pods-WWL/Pods-WWL.debug.xcconfig"; sourceTree = "<group>"; };
		FC76019220E29BBA007414B6 /* GoogleService-Info.plist */ = {isa = PBXFileReference; fileEncoding = 4; lastKnownFileType = text.plist.xml; path = "GoogleService-Info.plist"; sourceTree = "<group>"; };
		FC8A06EB20E2AE45002E367A /* AuthViewController.swift */ = {isa = PBXFileReference; lastKnownFileType = sourcecode.swift; path = AuthViewController.swift; sourceTree = "<group>"; };
		FC8A06ED20E2B1C8002E367A /* LoginViewController.swift */ = {isa = PBXFileReference; lastKnownFileType = sourcecode.swift; path = LoginViewController.swift; sourceTree = "<group>"; };
		FC8A06EF20E2B1ED002E367A /* SignUpViewController.swift */ = {isa = PBXFileReference; lastKnownFileType = sourcecode.swift; path = SignUpViewController.swift; sourceTree = "<group>"; };
		FC8A06F220E2C044002E367A /* Extensions.swift */ = {isa = PBXFileReference; lastKnownFileType = sourcecode.swift; path = Extensions.swift; sourceTree = "<group>"; };
		FCD5AA5B20E2951B00535845 /* WWL.app */ = {isa = PBXFileReference; explicitFileType = wrapper.application; includeInIndex = 0; path = WWL.app; sourceTree = BUILT_PRODUCTS_DIR; };
		FCD5AA5E20E2951C00535845 /* AppDelegate.swift */ = {isa = PBXFileReference; lastKnownFileType = sourcecode.swift; path = AppDelegate.swift; sourceTree = "<group>"; };
		FCD5AA6020E2951C00535845 /* art.scnassets */ = {isa = PBXFileReference; lastKnownFileType = wrapper.scnassets; path = art.scnassets; sourceTree = "<group>"; };
		FCD5AA6220E2951C00535845 /* ViewController.swift */ = {isa = PBXFileReference; lastKnownFileType = sourcecode.swift; path = ViewController.swift; sourceTree = "<group>"; };
		FCD5AA6520E2951C00535845 /* Base */ = {isa = PBXFileReference; lastKnownFileType = file.storyboard; name = Base; path = Base.lproj/Main.storyboard; sourceTree = "<group>"; };
		FCD5AA6720E2951D00535845 /* Assets.xcassets */ = {isa = PBXFileReference; lastKnownFileType = folder.assetcatalog; path = Assets.xcassets; sourceTree = "<group>"; };
		FCD5AA6A20E2951D00535845 /* Base */ = {isa = PBXFileReference; lastKnownFileType = file.storyboard; name = Base; path = Base.lproj/LaunchScreen.storyboard; sourceTree = "<group>"; };
		FCD5AA6C20E2951D00535845 /* Info.plist */ = {isa = PBXFileReference; lastKnownFileType = text.plist.xml; path = Info.plist; sourceTree = "<group>"; };
		FCDE6EED20E93459004348F0 /* MainViewController.swift */ = {isa = PBXFileReference; lastKnownFileType = sourcecode.swift; path = MainViewController.swift; sourceTree = "<group>"; };
		FCDE6EEF20E93BA6004348F0 /* menuSound.mp3 */ = {isa = PBXFileReference; lastKnownFileType = audio.mp3; path = menuSound.mp3; sourceTree = "<group>"; };
		FCDE6EF120E942A9004348F0 /* MyAudioPlayer.swift */ = {isa = PBXFileReference; lastKnownFileType = sourcecode.swift; path = MyAudioPlayer.swift; sourceTree = "<group>"; };
		FCF3CEAF20E915F500817259 /* SettingsViewController.swift */ = {isa = PBXFileReference; lastKnownFileType = sourcecode.swift; path = SettingsViewController.swift; sourceTree = "<group>"; };
/* End PBXFileReference section */

/* Begin PBXFrameworksBuildPhase section */
		FCD5AA5820E2951B00535845 /* Frameworks */ = {
			isa = PBXFrameworksBuildPhase;
			buildActionMask = 2147483647;
			files = (
				BD38184B67A00D310A502CC7 /* Pods_WWL.framework in Frameworks */,
			);
			runOnlyForDeploymentPostprocessing = 0;
		};
/* End PBXFrameworksBuildPhase section */

/* Begin PBXGroup section */
		89F9579A62BEAEEE37FD480A /* Frameworks */ = {
			isa = PBXGroup;
			children = (
				94B060C270C5309ABDE70CD3 /* Pods_WWL.framework */,
			);
			name = Frameworks;
			sourceTree = "<group>";
		};
		AC848AD32736C035635D3516 /* Pods */ = {
			isa = PBXGroup;
			children = (
				F155BE624C2DC25B8AAFB74D /* Pods-WWL.debug.xcconfig */,
				383E4F969A89C8ED2DB7F7CA /* Pods-WWL.release.xcconfig */,
			);
			name = Pods;
			sourceTree = "<group>";
		};
		FC8A06E920E2ADEF002E367A /* Controller */ = {
			isa = PBXGroup;
			children = (
				FCF3CEAE20E915D500817259 /* Main */,
				FC8A06EA20E2AE06002E367A /* Registration */,
				FCD5AA6220E2951C00535845 /* ViewController.swift */,
			);
			path = Controller;
			sourceTree = "<group>";
		};
		FC8A06EA20E2AE06002E367A /* Registration */ = {
			isa = PBXGroup;
			children = (
				FC8A06EB20E2AE45002E367A /* AuthViewController.swift */,
				FC8A06EF20E2B1ED002E367A /* SignUpViewController.swift */,
				FC8A06ED20E2B1C8002E367A /* LoginViewController.swift */,
			);
			path = Registration;
			sourceTree = "<group>";
		};
		FC8A06F120E2C01F002E367A /* Extensions + Helpers */ = {
			isa = PBXGroup;
			children = (
				FC8A06F220E2C044002E367A /* Extensions.swift */,
				FCDE6EF120E942A9004348F0 /* MyAudioPlayer.swift */,
			);
			path = "Extensions + Helpers";
			sourceTree = "<group>";
		};
		FCD5AA5220E2951B00535845 = {
			isa = PBXGroup;
			children = (
				FCD5AA5D20E2951B00535845 /* WWL */,
				FCD5AA5C20E2951B00535845 /* Products */,
				AC848AD32736C035635D3516 /* Pods */,
				89F9579A62BEAEEE37FD480A /* Frameworks */,
			);
			sourceTree = "<group>";
		};
		FCD5AA5C20E2951B00535845 /* Products */ = {
			isa = PBXGroup;
			children = (
				FCD5AA5B20E2951B00535845 /* WWL.app */,
			);
			name = Products;
			sourceTree = "<group>";
		};
		FCD5AA5D20E2951B00535845 /* WWL */ = {
			isa = PBXGroup;
			children = (
				FCD5AA5E20E2951C00535845 /* AppDelegate.swift */,
				FC8A06F120E2C01F002E367A /* Extensions + Helpers */,
				FC8A06E920E2ADEF002E367A /* Controller */,
				FCD5AA6020E2951C00535845 /* art.scnassets */,
				FCD5AA6420E2951C00535845 /* Main.storyboard */,
				FCD5AA6720E2951D00535845 /* Assets.xcassets */,
				FCD5AA6920E2951D00535845 /* LaunchScreen.storyboard */,
				FCD5AA6C20E2951D00535845 /* Info.plist */,
				FC76019220E29BBA007414B6 /* GoogleService-Info.plist */,
			);
			path = WWL;
			sourceTree = "<group>";
		};
		FCF3CEAE20E915D500817259 /* Main */ = {
			isa = PBXGroup;
			children = (
				FCF3CEAF20E915F500817259 /* SettingsViewController.swift */,
				FCDE6EEF20E93BA6004348F0 /* menuSound.mp3 */,
				FCDE6EED20E93459004348F0 /* MainViewController.swift */,
			);
			path = Main;
			sourceTree = "<group>";
		};
/* End PBXGroup section */

/* Begin PBXNativeTarget section */
		FCD5AA5A20E2951B00535845 /* WWL */ = {
			isa = PBXNativeTarget;
			buildConfigurationList = FCD5AA6F20E2951D00535845 /* Build configuration list for PBXNativeTarget "WWL" */;
			buildPhases = (
				65FD04023E39B07C6558D9ED /* [CP] Check Pods Manifest.lock */,
				FCD5AA5720E2951B00535845 /* Sources */,
				FCD5AA5820E2951B00535845 /* Frameworks */,
				FCD5AA5920E2951B00535845 /* Resources */,
				E792364731D6AC7D06DD32B5 /* [CP] Embed Pods Frameworks */,
			);
			buildRules = (
			);
			dependencies = (
			);
			name = WWL;
			productName = WWL;
			productReference = FCD5AA5B20E2951B00535845 /* WWL.app */;
			productType = "com.apple.product-type.application";
		};
/* End PBXNativeTarget section */

/* Begin PBXProject section */
		FCD5AA5320E2951B00535845 /* Project object */ = {
			isa = PBXProject;
			attributes = {
				LastSwiftUpdateCheck = 0940;
				LastUpgradeCheck = 0940;
				ORGANIZATIONNAME = "Mohsen Qaysi";
				TargetAttributes = {
					FCD5AA5A20E2951B00535845 = {
						CreatedOnToolsVersion = 9.4.1;
					};
				};
			};
			buildConfigurationList = FCD5AA5620E2951B00535845 /* Build configuration list for PBXProject "WWL" */;
			compatibilityVersion = "Xcode 9.3";
			developmentRegion = en;
			hasScannedForEncodings = 0;
			knownRegions = (
				en,
				Base,
			);
			mainGroup = FCD5AA5220E2951B00535845;
			productRefGroup = FCD5AA5C20E2951B00535845 /* Products */;
			projectDirPath = "";
			projectRoot = "";
			targets = (
				FCD5AA5A20E2951B00535845 /* WWL */,
			);
		};
/* End PBXProject section */

/* Begin PBXResourcesBuildPhase section */
		FCD5AA5920E2951B00535845 /* Resources */ = {
			isa = PBXResourcesBuildPhase;
			buildActionMask = 2147483647;
			files = (
				FCD5AA6120E2951C00535845 /* art.scnassets in Resources */,
				FCD5AA6B20E2951D00535845 /* LaunchScreen.storyboard in Resources */,
				FC76019320E29BBA007414B6 /* GoogleService-Info.plist in Resources */,
				FCD5AA6820E2951D00535845 /* Assets.xcassets in Resources */,
				FCD5AA6620E2951C00535845 /* Main.storyboard in Resources */,
				FCDE6EF020E93BA6004348F0 /* menuSound.mp3 in Resources */,
			);
			runOnlyForDeploymentPostprocessing = 0;
		};
/* End PBXResourcesBuildPhase section */

/* Begin PBXShellScriptBuildPhase section */
		65FD04023E39B07C6558D9ED /* [CP] Check Pods Manifest.lock */ = {
			isa = PBXShellScriptBuildPhase;
			buildActionMask = 2147483647;
			files = (
			);
			inputPaths = (
				"${PODS_PODFILE_DIR_PATH}/Podfile.lock",
				"${PODS_ROOT}/Manifest.lock",
			);
			name = "[CP] Check Pods Manifest.lock";
			outputPaths = (
				"$(DERIVED_FILE_DIR)/Pods-WWL-checkManifestLockResult.txt",
			);
			runOnlyForDeploymentPostprocessing = 0;
			shellPath = /bin/sh;
			shellScript = "diff \"${PODS_PODFILE_DIR_PATH}/Podfile.lock\" \"${PODS_ROOT}/Manifest.lock\" > /dev/null\nif [ $? != 0 ] ; then\n    # print error to STDERR\n    echo \"error: The sandbox is not in sync with the Podfile.lock. Run 'pod install' or update your CocoaPods installation.\" >&2\n    exit 1\nfi\n# This output is used by Xcode 'outputs' to avoid re-running this script phase.\necho \"SUCCESS\" > \"${SCRIPT_OUTPUT_FILE_0}\"\n";
			showEnvVarsInLog = 0;
		};
		E792364731D6AC7D06DD32B5 /* [CP] Embed Pods Frameworks */ = {
			isa = PBXShellScriptBuildPhase;
			buildActionMask = 2147483647;
			files = (
			);
			inputPaths = (
				"${SRCROOT}/Pods/Target Support Files/Pods-WWL/Pods-WWL-frameworks.sh",
				"${BUILT_PRODUCTS_DIR}/GTMSessionFetcher/GTMSessionFetcher.framework",
				"${BUILT_PRODUCTS_DIR}/GoogleToolboxForMac/GoogleToolboxForMac.framework",
				"${BUILT_PRODUCTS_DIR}/nanopb/nanopb.framework",
			);
			name = "[CP] Embed Pods Frameworks";
			outputPaths = (
				"${TARGET_BUILD_DIR}/${FRAMEWORKS_FOLDER_PATH}/GTMSessionFetcher.framework",
				"${TARGET_BUILD_DIR}/${FRAMEWORKS_FOLDER_PATH}/GoogleToolboxForMac.framework",
				"${TARGET_BUILD_DIR}/${FRAMEWORKS_FOLDER_PATH}/nanopb.framework",
			);
			runOnlyForDeploymentPostprocessing = 0;
			shellPath = /bin/sh;
			shellScript = "\"${SRCROOT}/Pods/Target Support Files/Pods-WWL/Pods-WWL-frameworks.sh\"\n";
			showEnvVarsInLog = 0;
		};
/* End PBXShellScriptBuildPhase section */

/* Begin PBXSourcesBuildPhase section */
		FCD5AA5720E2951B00535845 /* Sources */ = {
			isa = PBXSourcesBuildPhase;
			buildActionMask = 2147483647;
			files = (
				FC8A06EE20E2B1C8002E367A /* LoginViewController.swift in Sources */,
				FC8A06F320E2C044002E367A /* Extensions.swift in Sources */,
				FCD5AA6320E2951C00535845 /* ViewController.swift in Sources */,
				FCDE6EF220E942A9004348F0 /* MyAudioPlayer.swift in Sources */,
				FC8A06EC20E2AE45002E367A /* AuthViewController.swift in Sources */,
				FCF3CEB020E915F500817259 /* SettingsViewController.swift in Sources */,
				FCD5AA5F20E2951C00535845 /* AppDelegate.swift in Sources */,
				FC8A06F020E2B1ED002E367A /* SignUpViewController.swift in Sources */,
				FCDE6EEE20E93459004348F0 /* MainViewController.swift in Sources */,
			);
			runOnlyForDeploymentPostprocessing = 0;
		};
/* End PBXSourcesBuildPhase section */

/* Begin PBXVariantGroup section */
		FCD5AA6420E2951C00535845 /* Main.storyboard */ = {
			isa = PBXVariantGroup;
			children = (
				FCD5AA6520E2951C00535845 /* Base */,
			);
			name = Main.storyboard;
			sourceTree = "<group>";
		};
		FCD5AA6920E2951D00535845 /* LaunchScreen.storyboard */ = {
			isa = PBXVariantGroup;
			children = (
				FCD5AA6A20E2951D00535845 /* Base */,
			);
			name = LaunchScreen.storyboard;
			sourceTree = "<group>";
		};
/* End PBXVariantGroup section */

/* Begin XCBuildConfiguration section */
		FCD5AA6D20E2951D00535845 /* Debug */ = {
			isa = XCBuildConfiguration;
			buildSettings = {
				ALWAYS_SEARCH_USER_PATHS = NO;
				CLANG_ANALYZER_NONNULL = YES;
				CLANG_ANALYZER_NUMBER_OBJECT_CONVERSION = YES_AGGRESSIVE;
				CLANG_CXX_LANGUAGE_STANDARD = "gnu++14";
				CLANG_CXX_LIBRARY = "libc++";
				CLANG_ENABLE_MODULES = YES;
				CLANG_ENABLE_OBJC_ARC = YES;
				CLANG_ENABLE_OBJC_WEAK = YES;
				CLANG_WARN_BLOCK_CAPTURE_AUTORELEASING = YES;
				CLANG_WARN_BOOL_CONVERSION = YES;
				CLANG_WARN_COMMA = YES;
				CLANG_WARN_CONSTANT_CONVERSION = YES;
				CLANG_WARN_DEPRECATED_OBJC_IMPLEMENTATIONS = YES;
				CLANG_WARN_DIRECT_OBJC_ISA_USAGE = YES_ERROR;
				CLANG_WARN_DOCUMENTATION_COMMENTS = YES;
				CLANG_WARN_EMPTY_BODY = YES;
				CLANG_WARN_ENUM_CONVERSION = YES;
				CLANG_WARN_INFINITE_RECURSION = YES;
				CLANG_WARN_INT_CONVERSION = YES;
				CLANG_WARN_NON_LITERAL_NULL_CONVERSION = YES;
				CLANG_WARN_OBJC_IMPLICIT_RETAIN_SELF = YES;
				CLANG_WARN_OBJC_LITERAL_CONVERSION = YES;
				CLANG_WARN_OBJC_ROOT_CLASS = YES_ERROR;
				CLANG_WARN_RANGE_LOOP_ANALYSIS = YES;
				CLANG_WARN_STRICT_PROTOTYPES = YES;
				CLANG_WARN_SUSPICIOUS_MOVE = YES;
				CLANG_WARN_UNGUARDED_AVAILABILITY = YES_AGGRESSIVE;
				CLANG_WARN_UNREACHABLE_CODE = YES;
				CLANG_WARN__DUPLICATE_METHOD_MATCH = YES;
				CODE_SIGN_IDENTITY = "iPhone Developer";
				COPY_PHASE_STRIP = NO;
				DEBUG_INFORMATION_FORMAT = dwarf;
				ENABLE_STRICT_OBJC_MSGSEND = YES;
				ENABLE_TESTABILITY = YES;
				GCC_C_LANGUAGE_STANDARD = gnu11;
				GCC_DYNAMIC_NO_PIC = NO;
				GCC_NO_COMMON_BLOCKS = YES;
				GCC_OPTIMIZATION_LEVEL = 0;
				GCC_PREPROCESSOR_DEFINITIONS = (
					"DEBUG=1",
					"$(inherited)",
				);
				GCC_WARN_64_TO_32_BIT_CONVERSION = YES;
				GCC_WARN_ABOUT_RETURN_TYPE = YES_ERROR;
				GCC_WARN_UNDECLARED_SELECTOR = YES;
				GCC_WARN_UNINITIALIZED_AUTOS = YES_AGGRESSIVE;
				GCC_WARN_UNUSED_FUNCTION = YES;
				GCC_WARN_UNUSED_VARIABLE = YES;
				IPHONEOS_DEPLOYMENT_TARGET = 11.3;
				MTL_ENABLE_DEBUG_INFO = YES;
				ONLY_ACTIVE_ARCH = YES;
				SDKROOT = iphoneos;
				SWIFT_ACTIVE_COMPILATION_CONDITIONS = DEBUG;
				SWIFT_OPTIMIZATION_LEVEL = "-Onone";
			};
			name = Debug;
		};
		FCD5AA6E20E2951D00535845 /* Release */ = {
			isa = XCBuildConfiguration;
			buildSettings = {
				ALWAYS_SEARCH_USER_PATHS = NO;
				CLANG_ANALYZER_NONNULL = YES;
				CLANG_ANALYZER_NUMBER_OBJECT_CONVERSION = YES_AGGRESSIVE;
				CLANG_CXX_LANGUAGE_STANDARD = "gnu++14";
				CLANG_CXX_LIBRARY = "libc++";
				CLANG_ENABLE_MODULES = YES;
				CLANG_ENABLE_OBJC_ARC = YES;
				CLANG_ENABLE_OBJC_WEAK = YES;
				CLANG_WARN_BLOCK_CAPTURE_AUTORELEASING = YES;
				CLANG_WARN_BOOL_CONVERSION = YES;
				CLANG_WARN_COMMA = YES;
				CLANG_WARN_CONSTANT_CONVERSION = YES;
				CLANG_WARN_DEPRECATED_OBJC_IMPLEMENTATIONS = YES;
				CLANG_WARN_DIRECT_OBJC_ISA_USAGE = YES_ERROR;
				CLANG_WARN_DOCUMENTATION_COMMENTS = YES;
				CLANG_WARN_EMPTY_BODY = YES;
				CLANG_WARN_ENUM_CONVERSION = YES;
				CLANG_WARN_INFINITE_RECURSION = YES;
				CLANG_WARN_INT_CONVERSION = YES;
				CLANG_WARN_NON_LITERAL_NULL_CONVERSION = YES;
				CLANG_WARN_OBJC_IMPLICIT_RETAIN_SELF = YES;
				CLANG_WARN_OBJC_LITERAL_CONVERSION = YES;
				CLANG_WARN_OBJC_ROOT_CLASS = YES_ERROR;
				CLANG_WARN_RANGE_LOOP_ANALYSIS = YES;
				CLANG_WARN_STRICT_PROTOTYPES = YES;
				CLANG_WARN_SUSPICIOUS_MOVE = YES;
				CLANG_WARN_UNGUARDED_AVAILABILITY = YES_AGGRESSIVE;
				CLANG_WARN_UNREACHABLE_CODE = YES;
				CLANG_WARN__DUPLICATE_METHOD_MATCH = YES;
				CODE_SIGN_IDENTITY = "iPhone Developer";
				COPY_PHASE_STRIP = NO;
				DEBUG_INFORMATION_FORMAT = "dwarf-with-dsym";
				ENABLE_NS_ASSERTIONS = NO;
				ENABLE_STRICT_OBJC_MSGSEND = YES;
				GCC_C_LANGUAGE_STANDARD = gnu11;
				GCC_NO_COMMON_BLOCKS = YES;
				GCC_WARN_64_TO_32_BIT_CONVERSION = YES;
				GCC_WARN_ABOUT_RETURN_TYPE = YES_ERROR;
				GCC_WARN_UNDECLARED_SELECTOR = YES;
				GCC_WARN_UNINITIALIZED_AUTOS = YES_AGGRESSIVE;
				GCC_WARN_UNUSED_FUNCTION = YES;
				GCC_WARN_UNUSED_VARIABLE = YES;
				IPHONEOS_DEPLOYMENT_TARGET = 11.3;
				MTL_ENABLE_DEBUG_INFO = NO;
				SDKROOT = iphoneos;
				SWIFT_COMPILATION_MODE = wholemodule;
				SWIFT_OPTIMIZATION_LEVEL = "-O";
				VALIDATE_PRODUCT = YES;
			};
			name = Release;
		};
		FCD5AA7020E2951D00535845 /* Debug */ = {
			isa = XCBuildConfiguration;
			baseConfigurationReference = F155BE624C2DC25B8AAFB74D /* Pods-WWL.debug.xcconfig */;
			buildSettings = {
				ASSETCATALOG_COMPILER_APPICON_NAME = AppIcon;
				CODE_SIGN_STYLE = Automatic;
				DEVELOPMENT_TEAM = K6Q9LJED8Q;
				INFOPLIST_FILE = WWL/Info.plist;
				IPHONEOS_DEPLOYMENT_TARGET = 11.3;
				LD_RUNPATH_SEARCH_PATHS = (
					"$(inherited)",
					"@executable_path/Frameworks",
				);
				PRODUCT_BUNDLE_IDENTIFIER = "com.Mohsen-Qaysi.WWL";
				PRODUCT_NAME = "$(TARGET_NAME)";
				SWIFT_VERSION = 4.0;
				TARGETED_DEVICE_FAMILY = 1;
			};
			name = Debug;
		};
		FCD5AA7120E2951D00535845 /* Release */ = {
			isa = XCBuildConfiguration;
			baseConfigurationReference = 383E4F969A89C8ED2DB7F7CA /* Pods-WWL.release.xcconfig */;
			buildSettings = {
				ASSETCATALOG_COMPILER_APPICON_NAME = AppIcon;
				CODE_SIGN_STYLE = Automatic;
				DEVELOPMENT_TEAM = K6Q9LJED8Q;
				INFOPLIST_FILE = WWL/Info.plist;
				IPHONEOS_DEPLOYMENT_TARGET = 11.3;
				LD_RUNPATH_SEARCH_PATHS = (
					"$(inherited)",
					"@executable_path/Frameworks",
				);
				PRODUCT_BUNDLE_IDENTIFIER = "com.Mohsen-Qaysi.WWL";
				PRODUCT_NAME = "$(TARGET_NAME)";
				SWIFT_VERSION = 4.0;
				TARGETED_DEVICE_FAMILY = 1;
			};
			name = Release;
		};
/* End XCBuildConfiguration section */

/* Begin XCConfigurationList section */
		FCD5AA5620E2951B00535845 /* Build configuration list for PBXProject "WWL" */ = {
			isa = XCConfigurationList;
			buildConfigurations = (
				FCD5AA6D20E2951D00535845 /* Debug */,
				FCD5AA6E20E2951D00535845 /* Release */,
			);
			defaultConfigurationIsVisible = 0;
			defaultConfigurationName = Release;
		};
		FCD5AA6F20E2951D00535845 /* Build configuration list for PBXNativeTarget "WWL" */ = {
			isa = XCConfigurationList;
			buildConfigurations = (
				FCD5AA7020E2951D00535845 /* Debug */,
				FCD5AA7120E2951D00535845 /* Release */,
			);
			defaultConfigurationIsVisible = 0;
			defaultConfigurationName = Release;
		};
/* End XCConfigurationList section */
	};
	rootObject = FCD5AA5320E2951B00535845 /* Project object */;
}
